// !$*UTF8*$!
{
	archiveVersion = 1;
	classes = {
	};
	objectVersion = 46;
	objects = {

/* Begin PBXBuildFile section */
		6C52B3A81A26C73D008B8882 /* MoreViewController.swift in Sources */ = {isa = PBXBuildFile; fileRef = 6C52B3A71A26C73D008B8882 /* MoreViewController.swift */; };
		6C52B3AA1A26C74A008B8882 /* IndexViewController.swift in Sources */ = {isa = PBXBuildFile; fileRef = 6C52B3A91A26C74A008B8882 /* IndexViewController.swift */; };
		6CF0E6811A26C3D600B746B4 /* AppDelegate.swift in Sources */ = {isa = PBXBuildFile; fileRef = 6CF0E6801A26C3D600B746B4 /* AppDelegate.swift */; };
		6CF0E6861A26C3D600B746B4 /* Main.storyboard in Resources */ = {isa = PBXBuildFile; fileRef = 6CF0E6841A26C3D600B746B4 /* Main.storyboard */; };
		6CF0E6881A26C3D600B746B4 /* Images.xcassets in Resources */ = {isa = PBXBuildFile; fileRef = 6CF0E6871A26C3D600B746B4 /* Images.xcassets */; };
		6CF0E68B1A26C3D600B746B4 /* LaunchScreen.xib in Resources */ = {isa = PBXBuildFile; fileRef = 6CF0E6891A26C3D600B746B4 /* LaunchScreen.xib */; };
		6CF0E6971A26C3D600B746B4 /* YNSlidingViewControllerTests.swift in Sources */ = {isa = PBXBuildFile; fileRef = 6CF0E6961A26C3D600B746B4 /* YNSlidingViewControllerTests.swift */; };
		6CF0E6A11A26C4F900B746B4 /* YNSlidingViewController.swift in Sources */ = {isa = PBXBuildFile; fileRef = 6CF0E6A01A26C4F900B746B4 /* YNSlidingViewController.swift */; };
/* End PBXBuildFile section */

/* Begin PBXContainerItemProxy section */
		6CF0E6911A26C3D600B746B4 /* PBXContainerItemProxy */ = {
			isa = PBXContainerItemProxy;
			containerPortal = 6CF0E6731A26C3D600B746B4 /* Project object */;
			proxyType = 1;
			remoteGlobalIDString = 6CF0E67A1A26C3D600B746B4;
			remoteInfo = YNSlidingViewController;
		};
/* End PBXContainerItemProxy section */

/* Begin PBXFileReference section */
		6C52B3A71A26C73D008B8882 /* MoreViewController.swift */ = {isa = PBXFileReference; fileEncoding = 4; lastKnownFileType = sourcecode.swift; path = MoreViewController.swift; sourceTree = "<group>"; };
		6C52B3A91A26C74A008B8882 /* IndexViewController.swift */ = {isa = PBXFileReference; fileEncoding = 4; lastKnownFileType = sourcecode.swift; path = IndexViewController.swift; sourceTree = "<group>"; };
		6CF0E67B1A26C3D600B746B4 /* YNSlidingViewController.app */ = {isa = PBXFileReference; explicitFileType = wrapper.application; includeInIndex = 0; path = YNSlidingViewController.app; sourceTree = BUILT_PRODUCTS_DIR; };
		6CF0E67F1A26C3D600B746B4 /* Info.plist */ = {isa = PBXFileReference; lastKnownFileType = text.plist.xml; path = Info.plist; sourceTree = "<group>"; };
		6CF0E6801A26C3D600B746B4 /* AppDelegate.swift */ = {isa = PBXFileReference; lastKnownFileType = sourcecode.swift; path = AppDelegate.swift; sourceTree = "<group>"; };
		6CF0E6851A26C3D600B746B4 /* Base */ = {isa = PBXFileReference; lastKnownFileType = file.storyboard; name = Base; path = Base.lproj/Main.storyboard; sourceTree = "<group>"; };
		6CF0E6871A26C3D600B746B4 /* Images.xcassets */ = {isa = PBXFileReference; lastKnownFileType = folder.assetcatalog; path = Images.xcassets; sourceTree = "<group>"; };
		6CF0E68A1A26C3D600B746B4 /* Base */ = {isa = PBXFileReference; lastKnownFileType = file.xib; name = Base; path = Base.lproj/LaunchScreen.xib; sourceTree = "<group>"; };
		6CF0E6901A26C3D600B746B4 /* YNSlidingViewControllerTests.xctest */ = {isa = PBXFileReference; explicitFileType = wrapper.cfbundle; includeInIndex = 0; path = YNSlidingViewControllerTests.xctest; sourceTree = BUILT_PRODUCTS_DIR; };
		6CF0E6951A26C3D600B746B4 /* Info.plist */ = {isa = PBXFileReference; lastKnownFileType = text.plist.xml; path = Info.plist; sourceTree = "<group>"; };
		6CF0E6961A26C3D600B746B4 /* YNSlidingViewControllerTests.swift */ = {isa = PBXFileReference; lastKnownFileType = sourcecode.swift; path = YNSlidingViewControllerTests.swift; sourceTree = "<group>"; };
		6CF0E6A01A26C4F900B746B4 /* YNSlidingViewController.swift */ = {isa = PBXFileReference; fileEncoding = 4; lastKnownFileType = sourcecode.swift; path = YNSlidingViewController.swift; sourceTree = "<group>"; };
/* End PBXFileReference section */

/* Begin PBXFrameworksBuildPhase section */
		6CF0E6781A26C3D600B746B4 /* Frameworks */ = {
			isa = PBXFrameworksBuildPhase;
			buildActionMask = 2147483647;
			files = (
			);
			runOnlyForDeploymentPostprocessing = 0;
		};
		6CF0E68D1A26C3D600B746B4 /* Frameworks */ = {
			isa = PBXFrameworksBuildPhase;
			buildActionMask = 2147483647;
			files = (
			);
			runOnlyForDeploymentPostprocessing = 0;
		};
/* End PBXFrameworksBuildPhase section */

/* Begin PBXGroup section */
		6CF0E6721A26C3D600B746B4 = {
			isa = PBXGroup;
			children = (
				6CF0E67D1A26C3D600B746B4 /* YNSlidingViewController */,
				6CF0E6931A26C3D600B746B4 /* YNSlidingViewControllerTests */,
				6CF0E67C1A26C3D600B746B4 /* Products */,
			);
			sourceTree = "<group>";
		};
		6CF0E67C1A26C3D600B746B4 /* Products */ = {
			isa = PBXGroup;
			children = (
				6CF0E67B1A26C3D600B746B4 /* YNSlidingViewController.app */,
				6CF0E6901A26C3D600B746B4 /* YNSlidingViewControllerTests.xctest */,
			);
			name = Products;
			sourceTree = "<group>";
		};
		6CF0E67D1A26C3D600B746B4 /* YNSlidingViewController */ = {
			isa = PBXGroup;
			children = (
				6CF0E6801A26C3D600B746B4 /* AppDelegate.swift */,
				6CF0E6A01A26C4F900B746B4 /* YNSlidingViewController.swift */,
				6C52B3A71A26C73D008B8882 /* MoreViewController.swift */,
				6C52B3A91A26C74A008B8882 /* IndexViewController.swift */,
				6CF0E6841A26C3D600B746B4 /* Main.storyboard */,
				6CF0E6871A26C3D600B746B4 /* Images.xcassets */,
				6CF0E6891A26C3D600B746B4 /* LaunchScreen.xib */,
				6CF0E67E1A26C3D600B746B4 /* Supporting Files */,
			);
			path = YNSlidingViewController;
			sourceTree = "<group>";
		};
		6CF0E67E1A26C3D600B746B4 /* Supporting Files */ = {
			isa = PBXGroup;
			children = (
				6CF0E67F1A26C3D600B746B4 /* Info.plist */,
			);
			name = "Supporting Files";
			sourceTree = "<group>";
		};
		6CF0E6931A26C3D600B746B4 /* YNSlidingViewControllerTests */ = {
			isa = PBXGroup;
			children = (
				6CF0E6961A26C3D600B746B4 /* YNSlidingViewControllerTests.swift */,
				6CF0E6941A26C3D600B746B4 /* Supporting Files */,
			);
			path = YNSlidingViewControllerTests;
			sourceTree = "<group>";
		};
		6CF0E6941A26C3D600B746B4 /* Supporting Files */ = {
			isa = PBXGroup;
			children = (
				6CF0E6951A26C3D600B746B4 /* Info.plist */,
			);
			name = "Supporting Files";
			sourceTree = "<group>";
		};
/* End PBXGroup section */

/* Begin PBXNativeTarget section */
		6CF0E67A1A26C3D600B746B4 /* YNSlidingViewController */ = {
			isa = PBXNativeTarget;
			buildConfigurationList = 6CF0E69A1A26C3D600B746B4 /* Build configuration list for PBXNativeTarget "YNSlidingViewController" */;
			buildPhases = (
				6CF0E6771A26C3D600B746B4 /* Sources */,
				6CF0E6781A26C3D600B746B4 /* Frameworks */,
				6CF0E6791A26C3D600B746B4 /* Resources */,
			);
			buildRules = (
			);
			dependencies = (
			);
			name = YNSlidingViewController;
			productName = YNSlidingViewController;
			productReference = 6CF0E67B1A26C3D600B746B4 /* YNSlidingViewController.app */;
			productType = "com.apple.product-type.application";
		};
		6CF0E68F1A26C3D600B746B4 /* YNSlidingViewControllerTests */ = {
			isa = PBXNativeTarget;
			buildConfigurationList = 6CF0E69D1A26C3D600B746B4 /* Build configuration list for PBXNativeTarget "YNSlidingViewControllerTests" */;
			buildPhases = (
				6CF0E68C1A26C3D600B746B4 /* Sources */,
				6CF0E68D1A26C3D600B746B4 /* Frameworks */,
				6CF0E68E1A26C3D600B746B4 /* Resources */,
			);
			buildRules = (
			);
			dependencies = (
				6CF0E6921A26C3D600B746B4 /* PBXTargetDependency */,
			);
			name = YNSlidingViewControllerTests;
			productName = YNSlidingViewControllerTests;
			productReference = 6CF0E6901A26C3D600B746B4 /* YNSlidingViewControllerTests.xctest */;
			productType = "com.apple.product-type.bundle.unit-test";
		};
/* End PBXNativeTarget section */

/* Begin PBXProject section */
		6CF0E6731A26C3D600B746B4 /* Project object */ = {
			isa = PBXProject;
			attributes = {
				LastUpgradeCheck = 0610;
				ORGANIZATIONNAME = "xu_yunan@163.com";
				TargetAttributes = {
					6CF0E67A1A26C3D600B746B4 = {
						CreatedOnToolsVersion = 6.1;
					};
					6CF0E68F1A26C3D600B746B4 = {
						CreatedOnToolsVersion = 6.1;
						TestTargetID = 6CF0E67A1A26C3D600B746B4;
					};
				};
			};
			buildConfigurationList = 6CF0E6761A26C3D600B746B4 /* Build configuration list for PBXProject "YNSlidingViewController" */;
			compatibilityVersion = "Xcode 3.2";
			developmentRegion = English;
			hasScannedForEncodings = 0;
			knownRegions = (
				en,
				Base,
			);
			mainGroup = 6CF0E6721A26C3D600B746B4;
			productRefGroup = 6CF0E67C1A26C3D600B746B4 /* Products */;
			projectDirPath = "";
			projectRoot = "";
			targets = (
				6CF0E67A1A26C3D600B746B4 /* YNSlidingViewController */,
				6CF0E68F1A26C3D600B746B4 /* YNSlidingViewControllerTests */,
			);
		};
/* End PBXProject section */

/* Begin PBXResourcesBuildPhase section */
		6CF0E6791A26C3D600B746B4 /* Resources */ = {
			isa = PBXResourcesBuildPhase;
			buildActionMask = 2147483647;
			files = (
				6CF0E6861A26C3D600B746B4 /* Main.storyboard in Resources */,
				6CF0E68B1A26C3D600B746B4 /* LaunchScreen.xib in Resources */,
				6CF0E6881A26C3D600B746B4 /* Images.xcassets in Resources */,
			);
			runOnlyForDeploymentPostprocessing = 0;
		};
		6CF0E68E1A26C3D600B746B4 /* Resources */ = {
			isa = PBXResourcesBuildPhase;
			buildActionMask = 2147483647;
			files = (
			);
			runOnlyForDeploymentPostprocessing = 0;
		};
/* End PBXResourcesBuildPhase section */

/* Begin PBXSourcesBuildPhase section */
		6CF0E6771A26C3D600B746B4 /* Sources */ = {
			isa = PBXSourcesBuildPhase;
			buildActionMask = 2147483647;
			files = (
				6C52B3A81A26C73D008B8882 /* MoreViewController.swift in Sources */,
				6CF0E6811A26C3D600B746B4 /* AppDelegate.swift in Sources */,
				6CF0E6A11A26C4F900B746B4 /* YNSlidingViewController.swift in Sources */,
				6C52B3AA1A26C74A008B8882 /* IndexViewController.swift in Sources */,
			);
			runOnlyForDeploymentPostprocessing = 0;
		};
		6CF0E68C1A26C3D600B746B4 /* Sources */ = {
			isa = PBXSourcesBuildPhase;
			buildActionMask = 2147483647;
			files = (
				6CF0E6971A26C3D600B746B4 /* YNSlidingViewControllerTests.swift in Sources */,
			);
			runOnlyForDeploymentPostprocessing = 0;
		};
/* End PBXSourcesBuildPhase section */

/* Begin PBXTargetDependency section */
		6CF0E6921A26C3D600B746B4 /* PBXTargetDependency */ = {
			isa = PBXTargetDependency;
			target = 6CF0E67A1A26C3D600B746B4 /* YNSlidingViewController */;
			targetProxy = 6CF0E6911A26C3D600B746B4 /* PBXContainerItemProxy */;
		};
/* End PBXTargetDependency section */

/* Begin PBXVariantGroup section */
		6CF0E6841A26C3D600B746B4 /* Main.storyboard */ = {
			isa = PBXVariantGroup;
			children = (
				6CF0E6851A26C3D600B746B4 /* Base */,
			);
			name = Main.storyboard;
			sourceTree = "<group>";
		};
		6CF0E6891A26C3D600B746B4 /* LaunchScreen.xib */ = {
			isa = PBXVariantGroup;
			children = (
				6CF0E68A1A26C3D600B746B4 /* Base */,
			);
			name = LaunchScreen.xib;
			sourceTree = "<group>";
		};
/* End PBXVariantGroup section */

/* Begin XCBuildConfiguration section */
		6CF0E6981A26C3D600B746B4 /* Debug */ = {
			isa = XCBuildConfiguration;
			buildSettings = {
				ALWAYS_SEARCH_USER_PATHS = NO;
				CLANG_CXX_LANGUAGE_STANDARD = "gnu++0x";
				CLANG_CXX_LIBRARY = "libc++";
				CLANG_ENABLE_MODULES = YES;
				CLANG_ENABLE_OBJC_ARC = YES;
				CLANG_WARN_BOOL_CONVERSION = YES;
				CLANG_WARN_CONSTANT_CONVERSION = YES;
				CLANG_WARN_DIRECT_OBJC_ISA_USAGE = YES_ERROR;
				CLANG_WARN_EMPTY_BODY = YES;
				CLANG_WARN_ENUM_CONVERSION = YES;
				CLANG_WARN_INT_CONVERSION = YES;
				CLANG_WARN_OBJC_ROOT_CLASS = YES_ERROR;
				CLANG_WARN_UNREACHABLE_CODE = YES;
				CLANG_WARN__DUPLICATE_METHOD_MATCH = YES;
				"CODE_SIGN_IDENTITY[sdk=iphoneos*]" = "iPhone Developer";
				COPY_PHASE_STRIP = NO;
				ENABLE_STRICT_OBJC_MSGSEND = YES;
				GCC_C_LANGUAGE_STANDARD = gnu99;
				GCC_DYNAMIC_NO_PIC = NO;
				GCC_OPTIMIZATION_LEVEL = 0;
				GCC_PREPROCESSOR_DEFINITIONS = (
					"DEBUG=1",
					"$(inherited)",
				);
				GCC_SYMBOLS_PRIVATE_EXTERN = NO;
				GCC_WARN_64_TO_32_BIT_CONVERSION = YES;
				GCC_WARN_ABOUT_RETURN_TYPE = YES_ERROR;
				GCC_WARN_UNDECLARED_SELECTOR = YES;
				GCC_WARN_UNINITIALIZED_AUTOS = YES_AGGRESSIVE;
				GCC_WARN_UNUSED_FUNCTION = YES;
				GCC_WARN_UNUSED_VARIABLE = YES;
				IPHONEOS_DEPLOYMENT_TARGET = 8.1;
				MTL_ENABLE_DEBUG_INFO = YES;
				ONLY_ACTIVE_ARCH = YES;
				SDKROOT = iphoneos;
				SWIFT_OPTIMIZATION_LEVEL = "-Onone";
				TARGETED_DEVICE_FAMILY = "1,2";
			};
			name = Debug;
		};
		6CF0E6991A26C3D600B746B4 /* Release */ = {
			isa = XCBuildConfiguration;
			buildSettings = {
				ALWAYS_SEARCH_USER_PATHS = NO;
				CLANG_CXX_LANGUAGE_STANDARD = "gnu++0x";
				CLANG_CXX_LIBRARY = "libc++";
				CLANG_ENABLE_MODULES = YES;
				CLANG_ENABLE_OBJC_ARC = YES;
				CLANG_WARN_BOOL_CONVERSION = YES;
				CLANG_WARN_CONSTANT_CONVERSION = YES;
				CLANG_WARN_DIRECT_OBJC_ISA_USAGE = YES_ERROR;
				CLANG_WARN_EMPTY_BODY = YES;
				CLANG_WARN_ENUM_CONVERSION = YES;
				CLANG_WARN_INT_CONVERSION = YES;
				CLANG_WARN_OBJC_ROOT_CLASS = YES_ERROR;
				CLANG_WARN_UNREACHABLE_CODE = YES;
				CLANG_WARN__DUPLICATE_METHOD_MATCH = YES;
				"CODE_SIGN_IDENTITY[sdk=iphoneos*]" = "iPhone Developer";
				COPY_PHASE_STRIP = YES;
				ENABLE_NS_ASSERTIONS = NO;
				ENABLE_STRICT_OBJC_MSGSEND = YES;
				GCC_C_LANGUAGE_STANDARD = gnu99;
				GCC_WARN_64_TO_32_BIT_CONVERSION = YES;
				GCC_WARN_ABOUT_RETURN_TYPE = YES_ERROR;
				GCC_WARN_UNDECLARED_SELECTOR = YES;
				GCC_WARN_UNINITIALIZED_AUTOS = YES_AGGRESSIVE;
				GCC_WARN_UNUSED_FUNCTION = YES;
				GCC_WARN_UNUSED_VARIABLE = YES;
				IPHONEOS_DEPLOYMENT_TARGET = 8.1;
				MTL_ENABLE_DEBUG_INFO = NO;
				SDKROOT = iphoneos;
				TARGETED_DEVICE_FAMILY = "1,2";
				VALIDATE_PRODUCT = YES;
			};
			name = Release;
		};
		6CF0E69B1A26C3D600B746B4 /* Debug */ = {
			isa = XCBuildConfiguration;
			buildSettings = {
				ASSETCATALOG_COMPILER_APPICON_NAME = AppIcon;
				INFOPLIST_FILE = YNSlidingViewController/Info.plist;
				LD_RUNPATH_SEARCH_PATHS = "$(inherited) @executable_path/Frameworks";
				PRODUCT_NAME = "$(TARGET_NAME)";
			};
			name = Debug;
		};
		6CF0E69C1A26C3D600B746B4 /* Release */ = {
			isa = XCBuildConfiguration;
			buildSettings = {
				ASSETCATALOG_COMPILER_APPICON_NAME = AppIcon;
				INFOPLIST_FILE = YNSlidingViewController/Info.plist;
				LD_RUNPATH_SEARCH_PATHS = "$(inherited) @executable_path/Frameworks";
				PRODUCT_NAME = "$(TARGET_NAME)";
			};
			name = Release;
		};
		6CF0E69E1A26C3D600B746B4 /* Debug */ = {
			isa = XCBuildConfiguration;
			buildSettings = {
				BUNDLE_LOADER = "$(TEST_HOST)";
				FRAMEWORK_SEARCH_PATHS = (
					"$(SDKROOT)/Developer/Library/Frameworks",
					"$(inherited)",
				);
				GCC_PREPROCESSOR_DEFINITIONS = (
					"DEBUG=1",
					"$(inherited)",
				);
				INFOPLIST_FILE = YNSlidingViewControllerTests/Info.plist;
				LD_RUNPATH_SEARCH_PATHS = "$(inherited) @executable_path/Frameworks @loader_path/Frameworks";
				PRODUCT_NAME = "$(TARGET_NAME)";
				TEST_HOST = "$(BUILT_PRODUCTS_DIR)/YNSlidingViewController.app/YNSlidingViewController";
			};
			name = Debug;
		};
		6CF0E69F1A26C3D600B746B4 /* Release */ = {
			isa = XCBuildConfiguration;
			buildSettings = {
				BUNDLE_LOADER = "$(TEST_HOST)";
				FRAMEWORK_SEARCH_PATHS = (
					"$(SDKROOT)/Developer/Library/Frameworks",
					"$(inherited)",
				);
				INFOPLIST_FILE = YNSlidingViewControllerTests/Info.plist;
				LD_RUNPATH_SEARCH_PATHS = "$(inherited) @executable_path/Frameworks @loader_path/Frameworks";
				PRODUCT_NAME = "$(TARGET_NAME)";
				TEST_HOST = "$(BUILT_PRODUCTS_DIR)/YNSlidingViewController.app/YNSlidingViewController";
			};
			name = Release;
		};
/* End XCBuildConfiguration section */

/* Begin XCConfigurationList section */
		6CF0E6761A26C3D600B746B4 /* Build configuration list for PBXProject "YNSlidingViewController" */ = {
			isa = XCConfigurationList;
			buildConfigurations = (
				6CF0E6981A26C3D600B746B4 /* Debug */,
				6CF0E6991A26C3D600B746B4 /* Release */,
			);
			defaultConfigurationIsVisible = 0;
			defaultConfigurationName = Release;
		};
		6CF0E69A1A26C3D600B746B4 /* Build configuration list for PBXNativeTarget "YNSlidingViewController" */ = {
			isa = XCConfigurationList;
			buildConfigurations = (
				6CF0E69B1A26C3D600B746B4 /* Debug */,
				6CF0E69C1A26C3D600B746B4 /* Release */,
			);
			defaultConfigurationIsVisible = 0;
			defaultConfigurationName = Release;
		};
		6CF0E69D1A26C3D600B746B4 /* Build configuration list for PBXNativeTarget "YNSlidingViewControllerTests" */ = {
			isa = XCConfigurationList;
			buildConfigurations = (
				6CF0E69E1A26C3D600B746B4 /* Debug */,
				6CF0E69F1A26C3D600B746B4 /* Release */,
			);
			defaultConfigurationIsVisible = 0;
			defaultConfigurationName = Release;
		};
/* End XCConfigurationList section */
	};
	rootObject = 6CF0E6731A26C3D600B746B4 /* Project object */;
}
